// !$*UTF8*$!
{
	archiveVersion = 1;
	classes = {
	};
	objectVersion = 46;
	objects = {

/* Begin PBXBuildFile section */
		5318B4331CB1B57D0099CE55 /* MessageTemplates.swift in Sources */ = {isa = PBXBuildFile; fileRef = 5318B4321CB1B57D0099CE55 /* MessageTemplates.swift */; };
		5318B4351CB1B5A50099CE55 /* Message.swift in Sources */ = {isa = PBXBuildFile; fileRef = 5318B4341CB1B5A50099CE55 /* Message.swift */; };
		5318B4371CB1B6010099CE55 /* Contact.swift in Sources */ = {isa = PBXBuildFile; fileRef = 5318B4361CB1B6010099CE55 /* Contact.swift */; };
		537381351CA5AF710004B596 /* AppDelegate.swift in Sources */ = {isa = PBXBuildFile; fileRef = 537381341CA5AF710004B596 /* AppDelegate.swift */; };
		537381371CA5AF710004B596 /* ViewController.swift in Sources */ = {isa = PBXBuildFile; fileRef = 537381361CA5AF710004B596 /* ViewController.swift */; };
		5373813A1CA5AF710004B596 /* Main.storyboard in Resources */ = {isa = PBXBuildFile; fileRef = 537381381CA5AF710004B596 /* Main.storyboard */; };
		5373813C1CA5AF710004B596 /* Assets.xcassets in Resources */ = {isa = PBXBuildFile; fileRef = 5373813B1CA5AF710004B596 /* Assets.xcassets */; };
		5373813F1CA5AF710004B596 /* LaunchScreen.storyboard in Resources */ = {isa = PBXBuildFile; fileRef = 5373813D1CA5AF710004B596 /* LaunchScreen.storyboard */; };
		537381691CAE10C50004B596 /* MessageViewController.swift in Sources */ = {isa = PBXBuildFile; fileRef = 537381681CAE10C50004B596 /* MessageViewController.swift */; };
		5373816B1CAE126D0004B596 /* MessageUI.framework in Frameworks */ = {isa = PBXBuildFile; fileRef = 5373816A1CAE126D0004B596 /* MessageUI.framework */; };
		5373816F1CAE13BE0004B596 /* Utilities.swift in Sources */ = {isa = PBXBuildFile; fileRef = 5373816E1CAE13BE0004B596 /* Utilities.swift */; };
		537381751CAE1A430004B596 /* MapKit.framework in Frameworks */ = {isa = PBXBuildFile; fileRef = 537381741CAE1A430004B596 /* MapKit.framework */; };
		537381771CAE1A490004B596 /* CoreLocation.framework in Frameworks */ = {isa = PBXBuildFile; fileRef = 537381761CAE1A490004B596 /* CoreLocation.framework */; };
		5373817D1CAE1D060004B596 /* Geotifications.swift in Sources */ = {isa = PBXBuildFile; fileRef = 5373817C1CAE1D060004B596 /* Geotifications.swift */; };
		5373817F1CAE1DB70004B596 /* GeotificationsViewController.swift in Sources */ = {isa = PBXBuildFile; fileRef = 5373817E1CAE1DB70004B596 /* GeotificationsViewController.swift */; };
		537381811CAE1DD00004B596 /* AddGeotificationsTableViewController.swift in Sources */ = {isa = PBXBuildFile; fileRef = 537381801CAE1DD00004B596 /* AddGeotificationsTableViewController.swift */; };
		53D7C5071CB59DAC00360A09 /* MessageTemplatesTableViewController.swift in Sources */ = {isa = PBXBuildFile; fileRef = 53D7C5061CB59DAC00360A09 /* MessageTemplatesTableViewController.swift */; };
		53D7C5091CB6E8D900360A09 /* AddMessageTemplateViewController.swift in Sources */ = {isa = PBXBuildFile; fileRef = 53D7C5081CB6E8D900360A09 /* AddMessageTemplateViewController.swift */; };
		53D7C50B1CB7203C00360A09 /* OutboxMessagesTableViewCell.swift in Sources */ = {isa = PBXBuildFile; fileRef = 53D7C50A1CB7203C00360A09 /* OutboxMessagesTableViewCell.swift */; };
		53D7C50D1CB721DE00360A09 /* OutboxMessagesTableViewController.swift in Sources */ = {isa = PBXBuildFile; fileRef = 53D7C50C1CB721DE00360A09 /* OutboxMessagesTableViewController.swift */; };
		53D7C5151CBEDD1100360A09 /* TestLocations.gpx in Resources */ = {isa = PBXBuildFile; fileRef = 53D7C5141CBEDD1100360A09 /* TestLocations.gpx */; };
		68DC81A21CBD9FD8004A78EC /* Group.swift in Sources */ = {isa = PBXBuildFile; fileRef = 68DC81A11CBD9FD8004A78EC /* Group.swift */; };
		68DC81A41CBDA043004A78EC /* GroupList.swift in Sources */ = {isa = PBXBuildFile; fileRef = 68DC81A31CBDA043004A78EC /* GroupList.swift */; };
		68DC81A61CBDA1B8004A78EC /* GroupListTableViewController.swift in Sources */ = {isa = PBXBuildFile; fileRef = 68DC81A51CBDA1B8004A78EC /* GroupListTableViewController.swift */; };
		68DC81A81CBDA414004A78EC /* AddGroupViewController.swift in Sources */ = {isa = PBXBuildFile; fileRef = 68DC81A71CBDA414004A78EC /* AddGroupViewController.swift */; };
		68DC81AA1CBDAB2A004A78EC /* GroupDetailTableViewController.swift in Sources */ = {isa = PBXBuildFile; fileRef = 68DC81A91CBDAB2A004A78EC /* GroupDetailTableViewController.swift */; };
/* End PBXBuildFile section */

/* Begin PBXFileReference section */
		2CA78749EADB9B7A1E7D2496 /* Pods-Herald.debug.xcconfig */ = {isa = PBXFileReference; includeInIndex = 1; lastKnownFileType = text.xcconfig; name = "Pods-Herald.debug.xcconfig"; path = "Pods/Target Support Files/Pods-Herald/Pods-Herald.debug.xcconfig"; sourceTree = "<group>"; };
		4DF4A8354DB3B8C1115A4217 /* Pods-Herald.release.xcconfig */ = {isa = PBXFileReference; includeInIndex = 1; lastKnownFileType = text.xcconfig; name = "Pods-Herald.release.xcconfig"; path = "Pods/Target Support Files/Pods-Herald/Pods-Herald.release.xcconfig"; sourceTree = "<group>"; };
		5318B4321CB1B57D0099CE55 /* MessageTemplates.swift */ = {isa = PBXFileReference; fileEncoding = 4; lastKnownFileType = sourcecode.swift; path = MessageTemplates.swift; sourceTree = "<group>"; };
		5318B4341CB1B5A50099CE55 /* Message.swift */ = {isa = PBXFileReference; fileEncoding = 4; lastKnownFileType = sourcecode.swift; path = Message.swift; sourceTree = "<group>"; };
		5318B4361CB1B6010099CE55 /* Contact.swift */ = {isa = PBXFileReference; fileEncoding = 4; lastKnownFileType = sourcecode.swift; path = Contact.swift; sourceTree = "<group>"; };
		537381311CA5AF710004B596 /* Herald.app */ = {isa = PBXFileReference; explicitFileType = wrapper.application; includeInIndex = 0; path = Herald.app; sourceTree = BUILT_PRODUCTS_DIR; };
		537381341CA5AF710004B596 /* AppDelegate.swift */ = {isa = PBXFileReference; lastKnownFileType = sourcecode.swift; path = AppDelegate.swift; sourceTree = "<group>"; };
		537381361CA5AF710004B596 /* ViewController.swift */ = {isa = PBXFileReference; lastKnownFileType = sourcecode.swift; path = ViewController.swift; sourceTree = "<group>"; };
		537381391CA5AF710004B596 /* Base */ = {isa = PBXFileReference; lastKnownFileType = file.storyboard; name = Base; path = Base.lproj/Main.storyboard; sourceTree = "<group>"; };
		5373813B1CA5AF710004B596 /* Assets.xcassets */ = {isa = PBXFileReference; lastKnownFileType = folder.assetcatalog; path = Assets.xcassets; sourceTree = "<group>"; };
		5373813E1CA5AF710004B596 /* Base */ = {isa = PBXFileReference; lastKnownFileType = file.storyboard; name = Base; path = Base.lproj/LaunchScreen.storyboard; sourceTree = "<group>"; };
		537381401CA5AF710004B596 /* Info.plist */ = {isa = PBXFileReference; lastKnownFileType = text.plist.xml; path = Info.plist; sourceTree = "<group>"; };
		537381681CAE10C50004B596 /* MessageViewController.swift */ = {isa = PBXFileReference; fileEncoding = 4; lastKnownFileType = sourcecode.swift; path = MessageViewController.swift; sourceTree = "<group>"; };
		5373816A1CAE126D0004B596 /* MessageUI.framework */ = {isa = PBXFileReference; lastKnownFileType = wrapper.framework; name = MessageUI.framework; path = System/Library/Frameworks/MessageUI.framework; sourceTree = SDKROOT; };
		5373816E1CAE13BE0004B596 /* Utilities.swift */ = {isa = PBXFileReference; fileEncoding = 4; lastKnownFileType = sourcecode.swift; path = Utilities.swift; sourceTree = "<group>"; };
		537381741CAE1A430004B596 /* MapKit.framework */ = {isa = PBXFileReference; lastKnownFileType = wrapper.framework; name = MapKit.framework; path = System/Library/Frameworks/MapKit.framework; sourceTree = SDKROOT; };
		537381761CAE1A490004B596 /* CoreLocation.framework */ = {isa = PBXFileReference; lastKnownFileType = wrapper.framework; name = CoreLocation.framework; path = System/Library/Frameworks/CoreLocation.framework; sourceTree = SDKROOT; };
		5373817C1CAE1D060004B596 /* Geotifications.swift */ = {isa = PBXFileReference; fileEncoding = 4; lastKnownFileType = sourcecode.swift; path = Geotifications.swift; sourceTree = "<group>"; };
		5373817E1CAE1DB70004B596 /* GeotificationsViewController.swift */ = {isa = PBXFileReference; fileEncoding = 4; lastKnownFileType = sourcecode.swift; path = GeotificationsViewController.swift; sourceTree = "<group>"; };
		537381801CAE1DD00004B596 /* AddGeotificationsTableViewController.swift */ = {isa = PBXFileReference; fileEncoding = 4; lastKnownFileType = sourcecode.swift; path = AddGeotificationsTableViewController.swift; sourceTree = "<group>"; };
		53D7C5061CB59DAC00360A09 /* MessageTemplatesTableViewController.swift */ = {isa = PBXFileReference; fileEncoding = 4; lastKnownFileType = sourcecode.swift; path = MessageTemplatesTableViewController.swift; sourceTree = "<group>"; };
		53D7C5081CB6E8D900360A09 /* AddMessageTemplateViewController.swift */ = {isa = PBXFileReference; fileEncoding = 4; lastKnownFileType = sourcecode.swift; path = AddMessageTemplateViewController.swift; sourceTree = "<group>"; };
		53D7C50A1CB7203C00360A09 /* OutboxMessagesTableViewCell.swift */ = {isa = PBXFileReference; fileEncoding = 4; lastKnownFileType = sourcecode.swift; path = OutboxMessagesTableViewCell.swift; sourceTree = "<group>"; };
		53D7C50C1CB721DE00360A09 /* OutboxMessagesTableViewController.swift */ = {isa = PBXFileReference; fileEncoding = 4; lastKnownFileType = sourcecode.swift; path = OutboxMessagesTableViewController.swift; sourceTree = "<group>"; };
		53D7C5141CBEDD1100360A09 /* TestLocations.gpx */ = {isa = PBXFileReference; fileEncoding = 4; lastKnownFileType = text.xml; name = TestLocations.gpx; path = "../../../../Downloads/Geotify-Starter 2/Geotify/TestLocations.gpx"; sourceTree = "<group>"; };
		68DC81A11CBD9FD8004A78EC /* Group.swift */ = {isa = PBXFileReference; fileEncoding = 4; lastKnownFileType = sourcecode.swift; path = Group.swift; sourceTree = "<group>"; };
		68DC81A31CBDA043004A78EC /* GroupList.swift */ = {isa = PBXFileReference; fileEncoding = 4; lastKnownFileType = sourcecode.swift; path = GroupList.swift; sourceTree = "<group>"; };
		68DC81A51CBDA1B8004A78EC /* GroupListTableViewController.swift */ = {isa = PBXFileReference; fileEncoding = 4; lastKnownFileType = sourcecode.swift; path = GroupListTableViewController.swift; sourceTree = "<group>"; };
		68DC81A71CBDA414004A78EC /* AddGroupViewController.swift */ = {isa = PBXFileReference; fileEncoding = 4; lastKnownFileType = sourcecode.swift; path = AddGroupViewController.swift; sourceTree = "<group>"; };
		68DC81A91CBDAB2A004A78EC /* GroupDetailTableViewController.swift */ = {isa = PBXFileReference; fileEncoding = 4; lastKnownFileType = sourcecode.swift; path = GroupDetailTableViewController.swift; sourceTree = "<group>"; };
/* End PBXFileReference section */

/* Begin PBXFrameworksBuildPhase section */
		5373812E1CA5AF710004B596 /* Frameworks */ = {
			isa = PBXFrameworksBuildPhase;
			buildActionMask = 2147483647;
			files = (
				537381771CAE1A490004B596 /* CoreLocation.framework in Frameworks */,
				537381751CAE1A430004B596 /* MapKit.framework in Frameworks */,
				5373816B1CAE126D0004B596 /* MessageUI.framework in Frameworks */,
			);
			runOnlyForDeploymentPostprocessing = 0;
		};
/* End PBXFrameworksBuildPhase section */

/* Begin PBXGroup section */
		537381281CA5AF700004B596 = {
			isa = PBXGroup;
			children = (
				53D7C5141CBEDD1100360A09 /* TestLocations.gpx */,
				537381781CAE1A690004B596 /* Frameworks */,
				537381331CA5AF710004B596 /* Herald */,
				537381321CA5AF710004B596 /* Products */,
				D3C945724991956A29C9C811 /* Pods */,
			);
			sourceTree = "<group>";
		};
		537381321CA5AF710004B596 /* Products */ = {
			isa = PBXGroup;
			children = (
				537381311CA5AF710004B596 /* Herald.app */,
			);
			name = Products;
			sourceTree = "<group>";
		};
		537381331CA5AF710004B596 /* Herald */ = {
			isa = PBXGroup;
			children = (
				537381341CA5AF710004B596 /* AppDelegate.swift */,
				5373817B1CAE1CF70004B596 /* Classes */,
				5373817A1CAE1A840004B596 /* Controllers */,
				537381791CAE1A710004B596 /* StoryBoard */,
				5373813B1CA5AF710004B596 /* Assets.xcassets */,
				537381401CA5AF710004B596 /* Info.plist */,
			);
			path = Herald;
			sourceTree = "<group>";
		};
		537381781CAE1A690004B596 /* Frameworks */ = {
			isa = PBXGroup;
			children = (
				5373816A1CAE126D0004B596 /* MessageUI.framework */,
				537381741CAE1A430004B596 /* MapKit.framework */,
				537381761CAE1A490004B596 /* CoreLocation.framework */,
			);
			name = Frameworks;
			path = Herald;
			sourceTree = "<group>";
		};
		537381791CAE1A710004B596 /* StoryBoard */ = {
			isa = PBXGroup;
			children = (
				5373813D1CA5AF710004B596 /* LaunchScreen.storyboard */,
				537381381CA5AF710004B596 /* Main.storyboard */,
			);
			name = StoryBoard;
			sourceTree = "<group>";
		};
		5373817A1CAE1A840004B596 /* Controllers */ = {
			isa = PBXGroup;
			children = (
				537381361CA5AF710004B596 /* ViewController.swift */,
				53D7C5111CB723A700360A09 /* Compose Message */,
				53D7C5101CB7239D00360A09 /* Message Templates */,
				53D7C50F1CB7239800360A09 /* Groups */,
				53D7C50E1CB7238C00360A09 /* Geotifications / Outbox */,
			);
			name = Controllers;
			sourceTree = "<group>";
		};
		5373817B1CAE1CF70004B596 /* Classes */ = {
			isa = PBXGroup;
			children = (
				5373816E1CAE13BE0004B596 /* Utilities.swift */,
				5373817C1CAE1D060004B596 /* Geotifications.swift */,
				5318B4321CB1B57D0099CE55 /* MessageTemplates.swift */,
				5318B4341CB1B5A50099CE55 /* Message.swift */,
				5318B4361CB1B6010099CE55 /* Contact.swift */,
				68DC81A11CBD9FD8004A78EC /* Group.swift */,
				68DC81A31CBDA043004A78EC /* GroupList.swift */,
			);
			name = Classes;
			sourceTree = "<group>";
		};
		53D7C50E1CB7238C00360A09 /* Geotifications / Outbox */ = {
			isa = PBXGroup;
			children = (
				53D7C50C1CB721DE00360A09 /* OutboxMessagesTableViewController.swift */,
				53D7C50A1CB7203C00360A09 /* OutboxMessagesTableViewCell.swift */,
				5373817E1CAE1DB70004B596 /* GeotificationsViewController.swift */,
			);
			name = "Geotifications / Outbox";
			sourceTree = "<group>";
		};
		53D7C50F1CB7239800360A09 /* Groups */ = {
			isa = PBXGroup;
			children = (
				68DC81A51CBDA1B8004A78EC /* GroupListTableViewController.swift */,
				68DC81A71CBDA414004A78EC /* AddGroupViewController.swift */,
				68DC81A91CBDAB2A004A78EC /* GroupDetailTableViewController.swift */,
			);
			name = Groups;
			sourceTree = "<group>";
		};
		53D7C5101CB7239D00360A09 /* Message Templates */ = {
			isa = PBXGroup;
			children = (
				53D7C5081CB6E8D900360A09 /* AddMessageTemplateViewController.swift */,
				53D7C5061CB59DAC00360A09 /* MessageTemplatesTableViewController.swift */,
			);
			name = "Message Templates";
			sourceTree = "<group>";
		};
		53D7C5111CB723A700360A09 /* Compose Message */ = {
			isa = PBXGroup;
			children = (
				537381681CAE10C50004B596 /* MessageViewController.swift */,
				537381801CAE1DD00004B596 /* AddGeotificationsTableViewController.swift */,
			);
			name = "Compose Message";
			sourceTree = "<group>";
		};
		D3C945724991956A29C9C811 /* Pods */ = {
			isa = PBXGroup;
			children = (
				2CA78749EADB9B7A1E7D2496 /* Pods-Herald.debug.xcconfig */,
				4DF4A8354DB3B8C1115A4217 /* Pods-Herald.release.xcconfig */,
			);
			name = Pods;
			sourceTree = "<group>";
		};
/* End PBXGroup section */

/* Begin PBXNativeTarget section */
		537381301CA5AF710004B596 /* Herald */ = {
			isa = PBXNativeTarget;
			buildConfigurationList = 537381431CA5AF710004B596 /* Build configuration list for PBXNativeTarget "Herald" */;
			buildPhases = (
				5373812D1CA5AF710004B596 /* Sources */,
				5373812E1CA5AF710004B596 /* Frameworks */,
				5373812F1CA5AF710004B596 /* Resources */,
			);
			buildRules = (
			);
			dependencies = (
			);
			name = Herald;
			productName = Herald;
			productReference = 537381311CA5AF710004B596 /* Herald.app */;
			productType = "com.apple.product-type.application";
		};
/* End PBXNativeTarget section */

/* Begin PBXProject section */
		537381291CA5AF700004B596 /* Project object */ = {
			isa = PBXProject;
			attributes = {
				LastSwiftUpdateCheck = 0710;
				LastUpgradeCheck = 0710;
				ORGANIZATIONNAME = "Jose Suarez";
				TargetAttributes = {
					537381301CA5AF710004B596 = {
						CreatedOnToolsVersion = 7.1.1;
						DevelopmentTeam = 3N8RGWZYNJ;
					};
				};
			};
			buildConfigurationList = 5373812C1CA5AF700004B596 /* Build configuration list for PBXProject "Herald" */;
			compatibilityVersion = "Xcode 3.2";
			developmentRegion = English;
			hasScannedForEncodings = 0;
			knownRegions = (
				en,
				Base,
			);
			mainGroup = 537381281CA5AF700004B596;
			productRefGroup = 537381321CA5AF710004B596 /* Products */;
			projectDirPath = "";
			projectRoot = "";
			targets = (
				537381301CA5AF710004B596 /* Herald */,
			);
		};
/* End PBXProject section */

/* Begin PBXResourcesBuildPhase section */
		5373812F1CA5AF710004B596 /* Resources */ = {
			isa = PBXResourcesBuildPhase;
			buildActionMask = 2147483647;
			files = (
				5373813F1CA5AF710004B596 /* LaunchScreen.storyboard in Resources */,
				5373813C1CA5AF710004B596 /* Assets.xcassets in Resources */,
				53D7C5151CBEDD1100360A09 /* TestLocations.gpx in Resources */,
				5373813A1CA5AF710004B596 /* Main.storyboard in Resources */,
			);
			runOnlyForDeploymentPostprocessing = 0;
		};
/* End PBXResourcesBuildPhase section */

/* Begin PBXSourcesBuildPhase section */
		5373812D1CA5AF710004B596 /* Sources */ = {
			isa = PBXSourcesBuildPhase;
			buildActionMask = 2147483647;
			files = (
				537381371CA5AF710004B596 /* ViewController.swift in Sources */,
				53D7C5091CB6E8D900360A09 /* AddMessageTemplateViewController.swift in Sources */,
				5373817F1CAE1DB70004B596 /* GeotificationsViewController.swift in Sources */,
				68DC81A21CBD9FD8004A78EC /* Group.swift in Sources */,
				68DC81A61CBDA1B8004A78EC /* GroupListTableViewController.swift in Sources */,
				5318B4371CB1B6010099CE55 /* Contact.swift in Sources */,
				53D7C5071CB59DAC00360A09 /* MessageTemplatesTableViewController.swift in Sources */,
				68DC81A41CBDA043004A78EC /* GroupList.swift in Sources */,
				68DC81AA1CBDAB2A004A78EC /* GroupDetailTableViewController.swift in Sources */,
				537381691CAE10C50004B596 /* MessageViewController.swift in Sources */,
				5318B4351CB1B5A50099CE55 /* Message.swift in Sources */,
				537381351CA5AF710004B596 /* AppDelegate.swift in Sources */,
				53D7C50D1CB721DE00360A09 /* OutboxMessagesTableViewController.swift in Sources */,
				5373817D1CAE1D060004B596 /* Geotifications.swift in Sources */,
				5318B4331CB1B57D0099CE55 /* MessageTemplates.swift in Sources */,
				537381811CAE1DD00004B596 /* AddGeotificationsTableViewController.swift in Sources */,
				5373816F1CAE13BE0004B596 /* Utilities.swift in Sources */,
				68DC81A81CBDA414004A78EC /* AddGroupViewController.swift in Sources */,
				53D7C50B1CB7203C00360A09 /* OutboxMessagesTableViewCell.swift in Sources */,
			);
			runOnlyForDeploymentPostprocessing = 0;
		};
/* End PBXSourcesBuildPhase section */

/* Begin PBXVariantGroup section */
		537381381CA5AF710004B596 /* Main.storyboard */ = {
			isa = PBXVariantGroup;
			children = (
				537381391CA5AF710004B596 /* Base */,
			);
			name = Main.storyboard;
			sourceTree = "<group>";
		};
		5373813D1CA5AF710004B596 /* LaunchScreen.storyboard */ = {
			isa = PBXVariantGroup;
			children = (
				5373813E1CA5AF710004B596 /* Base */,
			);
			name = LaunchScreen.storyboard;
			sourceTree = "<group>";
		};
/* End PBXVariantGroup section */

/* Begin XCBuildConfiguration section */
		537381411CA5AF710004B596 /* Debug */ = {
			isa = XCBuildConfiguration;
			buildSettings = {
				ALWAYS_SEARCH_USER_PATHS = NO;
				CLANG_CXX_LANGUAGE_STANDARD = "gnu++0x";
				CLANG_CXX_LIBRARY = "libc++";
				CLANG_ENABLE_MODULES = YES;
				CLANG_ENABLE_OBJC_ARC = YES;
				CLANG_WARN_BOOL_CONVERSION = YES;
				CLANG_WARN_CONSTANT_CONVERSION = YES;
				CLANG_WARN_DIRECT_OBJC_ISA_USAGE = YES_ERROR;
				CLANG_WARN_EMPTY_BODY = YES;
				CLANG_WARN_ENUM_CONVERSION = YES;
				CLANG_WARN_INT_CONVERSION = YES;
				CLANG_WARN_OBJC_ROOT_CLASS = YES_ERROR;
				CLANG_WARN_UNREACHABLE_CODE = YES;
				CLANG_WARN__DUPLICATE_METHOD_MATCH = YES;
				"CODE_SIGN_IDENTITY[sdk=iphoneos*]" = "iPhone Developer";
				COPY_PHASE_STRIP = NO;
				DEBUG_INFORMATION_FORMAT = dwarf;
				ENABLE_STRICT_OBJC_MSGSEND = YES;
				ENABLE_TESTABILITY = YES;
				GCC_C_LANGUAGE_STANDARD = gnu99;
				GCC_DYNAMIC_NO_PIC = NO;
				GCC_NO_COMMON_BLOCKS = YES;
				GCC_OPTIMIZATION_LEVEL = 0;
				GCC_PREPROCESSOR_DEFINITIONS = (
					"DEBUG=1",
					"$(inherited)",
				);
				GCC_WARN_64_TO_32_BIT_CONVERSION = YES;
				GCC_WARN_ABOUT_RETURN_TYPE = YES_ERROR;
				GCC_WARN_UNDECLARED_SELECTOR = YES;
				GCC_WARN_UNINITIALIZED_AUTOS = YES_AGGRESSIVE;
				GCC_WARN_UNUSED_FUNCTION = YES;
				GCC_WARN_UNUSED_VARIABLE = YES;
				IPHONEOS_DEPLOYMENT_TARGET = 9.1;
				MTL_ENABLE_DEBUG_INFO = YES;
				ONLY_ACTIVE_ARCH = YES;
				SDKROOT = iphoneos;
				SWIFT_OPTIMIZATION_LEVEL = "-Onone";
				TARGETED_DEVICE_FAMILY = "1,2";
			};
			name = Debug;
		};
		537381421CA5AF710004B596 /* Release */ = {
			isa = XCBuildConfiguration;
			buildSettings = {
				ALWAYS_SEARCH_USER_PATHS = NO;
				CLANG_CXX_LANGUAGE_STANDARD = "gnu++0x";
				CLANG_CXX_LIBRARY = "libc++";
				CLANG_ENABLE_MODULES = YES;
				CLANG_ENABLE_OBJC_ARC = YES;
				CLANG_WARN_BOOL_CONVERSION = YES;
				CLANG_WARN_CONSTANT_CONVERSION = YES;
				CLANG_WARN_DIRECT_OBJC_ISA_USAGE = YES_ERROR;
				CLANG_WARN_EMPTY_BODY = YES;
				CLANG_WARN_ENUM_CONVERSION = YES;
				CLANG_WARN_INT_CONVERSION = YES;
				CLANG_WARN_OBJC_ROOT_CLASS = YES_ERROR;
				CLANG_WARN_UNREACHABLE_CODE = YES;
				CLANG_WARN__DUPLICATE_METHOD_MATCH = YES;
				"CODE_SIGN_IDENTITY[sdk=iphoneos*]" = "iPhone Developer";
				COPY_PHASE_STRIP = NO;
				DEBUG_INFORMATION_FORMAT = "dwarf-with-dsym";
				ENABLE_NS_ASSERTIONS = NO;
				ENABLE_STRICT_OBJC_MSGSEND = YES;
				GCC_C_LANGUAGE_STANDARD = gnu99;
				GCC_NO_COMMON_BLOCKS = YES;
				GCC_WARN_64_TO_32_BIT_CONVERSION = YES;
				GCC_WARN_ABOUT_RETURN_TYPE = YES_ERROR;
				GCC_WARN_UNDECLARED_SELECTOR = YES;
				GCC_WARN_UNINITIALIZED_AUTOS = YES_AGGRESSIVE;
				GCC_WARN_UNUSED_FUNCTION = YES;
				GCC_WARN_UNUSED_VARIABLE = YES;
				IPHONEOS_DEPLOYMENT_TARGET = 9.1;
				MTL_ENABLE_DEBUG_INFO = NO;
				SDKROOT = iphoneos;
				TARGETED_DEVICE_FAMILY = "1,2";
				VALIDATE_PRODUCT = YES;
			};
			name = Release;
		};
		537381441CA5AF710004B596 /* Debug */ = {
			isa = XCBuildConfiguration;
			baseConfigurationReference = 2CA78749EADB9B7A1E7D2496 /* Pods-Herald.debug.xcconfig */;
			buildSettings = {
				ASSETCATALOG_COMPILER_APPICON_NAME = AppIcon;
				CODE_SIGN_IDENTITY = "iPhone Developer";
				"CODE_SIGN_IDENTITY[sdk=iphoneos*]" = "iPhone Developer";
				INFOPLIST_FILE = Herald/Info.plist;
				LD_RUNPATH_SEARCH_PATHS = "$(inherited) @executable_path/Frameworks";
				PRODUCT_BUNDLE_IDENTIFIER = Heraldv2;
				PRODUCT_NAME = "$(TARGET_NAME)";
				PROVISIONING_PROFILE = "";
			};
			name = Debug;
		};
		537381451CA5AF710004B596 /* Release */ = {
			isa = XCBuildConfiguration;
			baseConfigurationReference = 4DF4A8354DB3B8C1115A4217 /* Pods-Herald.release.xcconfig */;
			buildSettings = {
				ASSETCATALOG_COMPILER_APPICON_NAME = AppIcon;
				CODE_SIGN_IDENTITY = "iPhone Developer";
				"CODE_SIGN_IDENTITY[sdk=iphoneos*]" = "iPhone Developer";
				INFOPLIST_FILE = Herald/Info.plist;
				LD_RUNPATH_SEARCH_PATHS = "$(inherited) @executable_path/Frameworks";
				PRODUCT_BUNDLE_IDENTIFIER = Heraldv2;
				PRODUCT_NAME = "$(TARGET_NAME)";
				PROVISIONING_PROFILE = "";
			};
			name = Release;
		};
/* End XCBuildConfiguration section */

/* Begin XCConfigurationList section */
		5373812C1CA5AF700004B596 /* Build configuration list for PBXProject "Herald" */ = {
			isa = XCConfigurationList;
			buildConfigurations = (
				537381411CA5AF710004B596 /* Debug */,
				537381421CA5AF710004B596 /* Release */,
			);
			defaultConfigurationIsVisible = 0;
			defaultConfigurationName = Release;
		};
		537381431CA5AF710004B596 /* Build configuration list for PBXNativeTarget "Herald" */ = {
			isa = XCConfigurationList;
			buildConfigurations = (
				537381441CA5AF710004B596 /* Debug */,
				537381451CA5AF710004B596 /* Release */,
			);
			defaultConfigurationIsVisible = 0;
			defaultConfigurationName = Release;
		};
/* End XCConfigurationList section */
	};
	rootObject = 537381291CA5AF700004B596 /* Project object */;
}
